
Microsoft Visual Studio Solution File, Format Version 12.00
# Visual Studio Version 17
VisualStudioVersion = 17.0.31903.59
MinimumVisualStudioVersion = 10.0.40219.1
Project("{FAE04EC0-301F-11D3-BF4B-00C04F79EFBC}") = "Presentation", "Presentation\Presentation.csproj", "{3806F0CE-80A3-44F8-B86D-6DEFEA947E96}"
EndProject
Project("{FAE04EC0-301F-11D3-BF4B-00C04F79EFBC}") = "Domain", "Domain\Domain.csproj", "{9E6FAC08-A381-40D2-8ABB-57DEB3F55F2D}"
EndProject
Project("{FAE04EC0-301F-11D3-BF4B-00C04F79EFBC}") = "Infrastructure", "Infrastructure\Infrastructure.csproj", "{DBD231B0-5B52-491B-A4FD-2D3A47766F31}"
EndProject
Project("{FAE04EC0-301F-11D3-BF4B-00C04F79EFBC}") = "Application", "Application\Application.csproj", "{E57D4EDC-9E86-4FED-AE84-254FBE833552}"
EndProject
Project("{FAE04EC0-301F-11D3-BF4B-00C04F79EFBC}") = "Tests", "Tests\Tests.csproj", "{7E563BF3-500E-456E-A04D-5FB5D0BC2B68}"
EndProject
Project("{2150E333-8FDC-42A3-9474-1A3956D46DE8}") = "src", "src", "{0C6E6219-ADA9-4C71-A2BB-FA0C244699AC}"
EndProject
Project("{2150E333-8FDC-42A3-9474-1A3956D46DE8}") = "tests", "tests", "{1637F04A-E213-4D7C-A82D-140895934E57}"
EndProject
Global
	GlobalSection(SolutionConfigurationPlatforms) = preSolution
		Debug|Any CPU = Debug|Any CPU
		Release|Any CPU = Release|Any CPU
	EndGlobalSection
	GlobalSection(SolutionProperties) = preSolution
		HideSolutionNode = FALSE
	EndGlobalSection
	GlobalSection(ProjectConfigurationPlatforms) = postSolution
		{3806F0CE-80A3-44F8-B86D-6DEFEA947E96}.Debug|Any CPU.ActiveCfg = Debug|Any CPU
		{3806F0CE-80A3-44F8-B86D-6DEFEA947E96}.Debug|Any CPU.Build.0 = Debug|Any CPU
		{3806F0CE-80A3-44F8-B86D-6DEFEA947E96}.Release|Any CPU.ActiveCfg = Release|Any CPU
		{3806F0CE-80A3-44F8-B86D-6DEFEA947E96}.Release|Any CPU.Build.0 = Release|Any CPU
		{9E6FAC08-A381-40D2-8ABB-57DEB3F55F2D}.Debug|Any CPU.ActiveCfg = Debug|Any CPU
		{9E6FAC08-A381-40D2-8ABB-57DEB3F55F2D}.Debug|Any CPU.Build.0 = Debug|Any CPU
		{9E6FAC08-A381-40D2-8ABB-57DEB3F55F2D}.Release|Any CPU.ActiveCfg = Release|Any CPU
		{9E6FAC08-A381-40D2-8ABB-57DEB3F55F2D}.Release|Any CPU.Build.0 = Release|Any CPU
		{DBD231B0-5B52-491B-A4FD-2D3A47766F31}.Debug|Any CPU.ActiveCfg = Debug|Any CPU
		{DBD231B0-5B52-491B-A4FD-2D3A47766F31}.Debug|Any CPU.Build.0 = Debug|Any CPU
		{DBD231B0-5B52-491B-A4FD-2D3A47766F31}.Release|Any CPU.ActiveCfg = Release|Any CPU
		{DBD231B0-5B52-491B-A4FD-2D3A47766F31}.Release|Any CPU.Build.0 = Release|Any CPU
		{E57D4EDC-9E86-4FED-AE84-254FBE833552}.Debug|Any CPU.ActiveCfg = Debug|Any CPU
		{E57D4EDC-9E86-4FED-AE84-254FBE833552}.Debug|Any CPU.Build.0 = Debug|Any CPU
		{E57D4EDC-9E86-4FED-AE84-254FBE833552}.Release|Any CPU.ActiveCfg = Release|Any CPU
		{E57D4EDC-9E86-4FED-AE84-254FBE833552}.Release|Any CPU.Build.0 = Release|Any CPU
		{7E563BF3-500E-456E-A04D-5FB5D0BC2B68}.Debug|Any CPU.ActiveCfg = Debug|Any CPU
		{7E563BF3-500E-456E-A04D-5FB5D0BC2B68}.Debug|Any CPU.Build.0 = Debug|Any CPU
		{7E563BF3-500E-456E-A04D-5FB5D0BC2B68}.Release|Any CPU.ActiveCfg = Release|Any CPU
		{7E563BF3-500E-456E-A04D-5FB5D0BC2B68}.Release|Any CPU.Build.0 = Release|Any CPU
	EndGlobalSection
	GlobalSection(NestedProjects) = preSolution
		{7E563BF3-500E-456E-A04D-5FB5D0BC2B68} = {1637F04A-E213-4D7C-A82D-140895934E57}
		{E57D4EDC-9E86-4FED-AE84-254FBE833552} = {0C6E6219-ADA9-4C71-A2BB-FA0C244699AC}
		{9E6FAC08-A381-40D2-8ABB-57DEB3F55F2D} = {0C6E6219-ADA9-4C71-A2BB-FA0C244699AC}
		{DBD231B0-5B52-491B-A4FD-2D3A47766F31} = {0C6E6219-ADA9-4C71-A2BB-FA0C244699AC}
		{3806F0CE-80A3-44F8-B86D-6DEFEA947E96} = {0C6E6219-ADA9-4C71-A2BB-FA0C244699AC}
	EndGlobalSection
EndGlobal
